
Microsoft Visual Studio Solution File, Format Version 12.00
# Visual Studio Version 17
VisualStudioVersion = 17.5.002.0
MinimumVisualStudioVersion = 10.0.40219.1
Project("{9A19103F-16F7-4668-BE54-9A1E7A4F7556}") = "CajeroAPI", "CajeroAPI.csproj", "{6565E861-729D-4DE4-8FE7-A5B2E1C6DF5F}"
EndProject
Global
	GlobalSection(SolutionConfigurationPlatforms) = preSolution
		Debug|Any CPU = Debug|Any CPU
		Release|Any CPU = Release|Any CPU
	EndGlobalSection
	GlobalSection(ProjectConfigurationPlatforms) = postSolution
		{6565E861-729D-4DE4-8FE7-A5B2E1C6DF5F}.Debug|Any CPU.ActiveCfg = Debug|Any CPU
		{6565E861-729D-4DE4-8FE7-A5B2E1C6DF5F}.Debug|Any CPU.Build.0 = Debug|Any CPU
		{6565E861-729D-4DE4-8FE7-A5B2E1C6DF5F}.Release|Any CPU.ActiveCfg = Release|Any CPU
		{6565E861-729D-4DE4-8FE7-A5B2E1C6DF5F}.Release|Any CPU.Build.0 = Release|Any CPU
	EndGlobalSection
	GlobalSection(SolutionProperties) = preSolution
		HideSolutionNode = FALSE
	EndGlobalSection
	GlobalSection(ExtensibilityGlobals) = postSolution
		SolutionGuid = {D1C85B2E-2020-467A-9098-4438264275FC}
	EndGlobalSection
EndGlobal
